
Microsoft Visual Studio Solution File, Format Version 12.00
# Visual Studio Version 17
VisualStudioVersion = 17.3.32929.385
MinimumVisualStudioVersion = 10.0.40219.1
Project("{FAE04EC0-301F-11D3-BF4B-00C04F79EFBC}") = "APITesteLynx", "APITesteLynx\APITesteLynx.csproj", "{B6B914D1-18F3-4900-8AE5-DBFE0E03B46E}"
EndProject
Global
	GlobalSection(SolutionConfigurationPlatforms) = preSolution
		Debug|Any CPU = Debug|Any CPU
		Release|Any CPU = Release|Any CPU
	EndGlobalSection
	GlobalSection(ProjectConfigurationPlatforms) = postSolution
		{B6B914D1-18F3-4900-8AE5-DBFE0E03B46E}.Debug|Any CPU.ActiveCfg = Debug|Any CPU
		{B6B914D1-18F3-4900-8AE5-DBFE0E03B46E}.Debug|Any CPU.Build.0 = Debug|Any CPU
		{B6B914D1-18F3-4900-8AE5-DBFE0E03B46E}.Release|Any CPU.ActiveCfg = Release|Any CPU
		{B6B914D1-18F3-4900-8AE5-DBFE0E03B46E}.Release|Any CPU.Build.0 = Release|Any CPU
	EndGlobalSection
	GlobalSection(SolutionProperties) = preSolution
		HideSolutionNode = FALSE
	EndGlobalSection
	GlobalSection(ExtensibilityGlobals) = postSolution
		SolutionGuid = {656A8BCF-F49C-4C1B-9572-D5BA95147C38}
	EndGlobalSection
EndGlobal
